
Microsoft Visual Studio Solution File, Format Version 12.00
# Visual Studio 15
VisualStudioVersion = 15.0.27130.2003
MinimumVisualStudioVersion = 10.0.40219.1
Project("{9A19103F-16F7-4668-BE54-9A1E7A4F7556}") = "RepoInsight.BusinessLogic.Test", "RepoInsight.BusinessLogic.Test\RepoInsight.BusinessLogic.Test.csproj", "{922021B9-153C-48B9-AC11-61DA18FDA5E8}"
EndProject
Project("{9A19103F-16F7-4668-BE54-9A1E7A4F7556}") = "RepoInsight.BusinessLogic", "..\RepoInsight.BusinessLogic\RepoInsight.BusinessLogic.csproj", "{06CECA8D-B5C9-428B-B44C-1C0FD34660AE}"
EndProject
Global
	GlobalSection(SolutionConfigurationPlatforms) = preSolution
		Debug|Any CPU = Debug|Any CPU
		Release|Any CPU = Release|Any CPU
	EndGlobalSection
	GlobalSection(ProjectConfigurationPlatforms) = postSolution
		{922021B9-153C-48B9-AC11-61DA18FDA5E8}.Debug|Any CPU.ActiveCfg = Debug|Any CPU
		{922021B9-153C-48B9-AC11-61DA18FDA5E8}.Debug|Any CPU.Build.0 = Debug|Any CPU
		{922021B9-153C-48B9-AC11-61DA18FDA5E8}.Release|Any CPU.ActiveCfg = Release|Any CPU
		{922021B9-153C-48B9-AC11-61DA18FDA5E8}.Release|Any CPU.Build.0 = Release|Any CPU
		{06CECA8D-B5C9-428B-B44C-1C0FD34660AE}.Debug|Any CPU.ActiveCfg = Debug|Any CPU
		{06CECA8D-B5C9-428B-B44C-1C0FD34660AE}.Debug|Any CPU.Build.0 = Debug|Any CPU
		{06CECA8D-B5C9-428B-B44C-1C0FD34660AE}.Release|Any CPU.ActiveCfg = Release|Any CPU
		{06CECA8D-B5C9-428B-B44C-1C0FD34660AE}.Release|Any CPU.Build.0 = Release|Any CPU
	EndGlobalSection
	GlobalSection(SolutionProperties) = preSolution
		HideSolutionNode = FALSE
	EndGlobalSection
	GlobalSection(ExtensibilityGlobals) = postSolution
		SolutionGuid = {B0B223D0-2B8E-4418-AC50-D24AE22FADEE}
	EndGlobalSection
EndGlobal
