
Microsoft Visual Studio Solution File, Format Version 12.00
# Visual Studio 15
VisualStudioVersion = 15.0.27130.2003
MinimumVisualStudioVersion = 10.0.40219.1
Project("{FAE04EC0-301F-11D3-BF4B-00C04F79EFBC}") = "RepoInsight.Avalonia", "RepoInsight.Avalonia\RepoInsight.Avalonia.csproj", "{73D2FC20-8A06-4EC8-A6FC-C2582FDA18E5}"
EndProject
Project("{9A19103F-16F7-4668-BE54-9A1E7A4F7556}") = "RepoInsight.BusinessLogic", "..\RepoInsight.BusinessLogic\RepoInsight.BusinessLogic.csproj", "{04FAC345-9699-47F9-95AE-E3F3A384F6B7}"
EndProject
Project("{9A19103F-16F7-4668-BE54-9A1E7A4F7556}") = "RepoInsight.BusinessLogic.Test", "..\Tests\RepoInsight.BusinessLogic.Test\RepoInsight.BusinessLogic.Test.csproj", "{5580F743-9D00-4064-960B-02682134D450}"
EndProject
Global
	GlobalSection(SolutionConfigurationPlatforms) = preSolution
		Debug|Any CPU = Debug|Any CPU
		Release|Any CPU = Release|Any CPU
	EndGlobalSection
	GlobalSection(ProjectConfigurationPlatforms) = postSolution
		{73D2FC20-8A06-4EC8-A6FC-C2582FDA18E5}.Debug|Any CPU.ActiveCfg = Debug|Any CPU
		{73D2FC20-8A06-4EC8-A6FC-C2582FDA18E5}.Debug|Any CPU.Build.0 = Debug|Any CPU
		{73D2FC20-8A06-4EC8-A6FC-C2582FDA18E5}.Release|Any CPU.ActiveCfg = Release|Any CPU
		{73D2FC20-8A06-4EC8-A6FC-C2582FDA18E5}.Release|Any CPU.Build.0 = Release|Any CPU
		{04FAC345-9699-47F9-95AE-E3F3A384F6B7}.Debug|Any CPU.ActiveCfg = Debug|Any CPU
		{04FAC345-9699-47F9-95AE-E3F3A384F6B7}.Debug|Any CPU.Build.0 = Debug|Any CPU
		{04FAC345-9699-47F9-95AE-E3F3A384F6B7}.Release|Any CPU.ActiveCfg = Release|Any CPU
		{04FAC345-9699-47F9-95AE-E3F3A384F6B7}.Release|Any CPU.Build.0 = Release|Any CPU
		{5580F743-9D00-4064-960B-02682134D450}.Debug|Any CPU.ActiveCfg = Debug|Any CPU
		{5580F743-9D00-4064-960B-02682134D450}.Debug|Any CPU.Build.0 = Debug|Any CPU
		{5580F743-9D00-4064-960B-02682134D450}.Release|Any CPU.ActiveCfg = Release|Any CPU
		{5580F743-9D00-4064-960B-02682134D450}.Release|Any CPU.Build.0 = Release|Any CPU
	EndGlobalSection
	GlobalSection(SolutionProperties) = preSolution
		HideSolutionNode = FALSE
	EndGlobalSection
	GlobalSection(ExtensibilityGlobals) = postSolution
		SolutionGuid = {023485E2-21F5-4AED-BCE0-DE8363D19B56}
	EndGlobalSection
EndGlobal
