
Microsoft Visual Studio Solution File, Format Version 12.00
# Visual Studio 15
VisualStudioVersion = 15.0.27428.2037
MinimumVisualStudioVersion = 10.0.40219.1
Project("{FAE04EC0-301F-11D3-BF4B-00C04F79EFBC}") = "ComplexCity.Console", "ComplexCity.Console\ComplexCity.Console.csproj", "{8AF857AA-F764-4471-B94A-F95703FC2794}"
EndProject
Global
	GlobalSection(SolutionConfigurationPlatforms) = preSolution
		Debug|Any CPU = Debug|Any CPU
		Release|Any CPU = Release|Any CPU
	EndGlobalSection
	GlobalSection(ProjectConfigurationPlatforms) = postSolution
		{8AF857AA-F764-4471-B94A-F95703FC2794}.Debug|Any CPU.ActiveCfg = Debug|Any CPU
		{8AF857AA-F764-4471-B94A-F95703FC2794}.Debug|Any CPU.Build.0 = Debug|Any CPU
		{8AF857AA-F764-4471-B94A-F95703FC2794}.Release|Any CPU.ActiveCfg = Release|Any CPU
		{8AF857AA-F764-4471-B94A-F95703FC2794}.Release|Any CPU.Build.0 = Release|Any CPU
	EndGlobalSection
	GlobalSection(SolutionProperties) = preSolution
		HideSolutionNode = FALSE
	EndGlobalSection
	GlobalSection(ExtensibilityGlobals) = postSolution
		SolutionGuid = {E8229E2A-73CF-446A-BB48-98A00F2F411E}
	EndGlobalSection
EndGlobal
