
Microsoft Visual Studio Solution File, Format Version 12.00
# Visual Studio 15
VisualStudioVersion = 15.0.27130.2003
MinimumVisualStudioVersion = 10.0.40219.1
Project("{9A19103F-16F7-4668-BE54-9A1E7A4F7556}") = "ComplexCity.ConsoleApp", "ComplexCity.ConsoleApp\ComplexCity.ConsoleApp.csproj", "{65ECC317-11F1-4985-B9BC-AACC08169A2A}"
EndProject
Project("{9A19103F-16F7-4668-BE54-9A1E7A4F7556}") = "ComplexCity.BusinessLogic", "..\ComplexCity.BusinessLogic\ComplexCity.BusinessLogic.csproj", "{306CB4A1-8527-43E9-937A-B75F6F088A48}"
EndProject
Project("{FAE04EC0-301F-11D3-BF4B-00C04F79EFBC}") = "ComplexCity.BusinessLogic.Test", "..\Tests\ComplexCity.BusinessLogic.Test\ComplexCity.BusinessLogic.Test.csproj", "{19179554-DECF-4DBF-AFC4-B0512FE6A578}"
EndProject
Global
	GlobalSection(SolutionConfigurationPlatforms) = preSolution
		Debug|Any CPU = Debug|Any CPU
		Release|Any CPU = Release|Any CPU
	EndGlobalSection
	GlobalSection(ProjectConfigurationPlatforms) = postSolution
		{65ECC317-11F1-4985-B9BC-AACC08169A2A}.Debug|Any CPU.ActiveCfg = Debug|Any CPU
		{65ECC317-11F1-4985-B9BC-AACC08169A2A}.Debug|Any CPU.Build.0 = Debug|Any CPU
		{65ECC317-11F1-4985-B9BC-AACC08169A2A}.Release|Any CPU.ActiveCfg = Release|Any CPU
		{65ECC317-11F1-4985-B9BC-AACC08169A2A}.Release|Any CPU.Build.0 = Release|Any CPU
		{306CB4A1-8527-43E9-937A-B75F6F088A48}.Debug|Any CPU.ActiveCfg = Debug|Any CPU
		{306CB4A1-8527-43E9-937A-B75F6F088A48}.Debug|Any CPU.Build.0 = Debug|Any CPU
		{306CB4A1-8527-43E9-937A-B75F6F088A48}.Release|Any CPU.ActiveCfg = Release|Any CPU
		{306CB4A1-8527-43E9-937A-B75F6F088A48}.Release|Any CPU.Build.0 = Release|Any CPU
		{19179554-DECF-4DBF-AFC4-B0512FE6A578}.Debug|Any CPU.ActiveCfg = Debug|Any CPU
		{19179554-DECF-4DBF-AFC4-B0512FE6A578}.Debug|Any CPU.Build.0 = Debug|Any CPU
		{19179554-DECF-4DBF-AFC4-B0512FE6A578}.Release|Any CPU.ActiveCfg = Release|Any CPU
		{19179554-DECF-4DBF-AFC4-B0512FE6A578}.Release|Any CPU.Build.0 = Release|Any CPU
	EndGlobalSection
	GlobalSection(SolutionProperties) = preSolution
		HideSolutionNode = FALSE
	EndGlobalSection
	GlobalSection(ExtensibilityGlobals) = postSolution
		SolutionGuid = {E8229E2A-73CF-446A-BB48-98A00F2F411E}
	EndGlobalSection
EndGlobal
